
Microsoft Visual Studio Solution File, Format Version 12.00
# Visual Studio Version 17
VisualStudioVersion = 17.14.37314.3
MinimumVisualStudioVersion = 10.0.40219.1
Project("{FAE04EC0-301F-11D3-BF4B-00C04F79EFBC}") = "LojaEstoque", "LojaEstoque\LojaEstoque.csproj", "{F2CD3A03-148A-4602-BFE0-690C68A22F52}"
EndProject
Project("{FAE04EC0-301F-11D3-BF4B-00C04F79EFBC}") = "LojaEstoque.Tests", "LojaEstoque.Tests\LojaEstoque.Tests.csproj", "{427589C8-0EC1-459E-9685-8B2F1F31A517}"
EndProject
Global
	GlobalSection(SolutionConfigurationPlatforms) = preSolution
		Debug|Any CPU = Debug|Any CPU
		Debug|x64 = Debug|x64
		Debug|x86 = Debug|x86
		Release|Any CPU = Release|Any CPU
		Release|x64 = Release|x64
		Release|x86 = Release|x86
	EndGlobalSection
	GlobalSection(ProjectConfigurationPlatforms) = postSolution
		{F2CD3A03-148A-4602-BFE0-690C68A22F52}.Debug|Any CPU.ActiveCfg = Debug|Any CPU
		{F2CD3A03-148A-4602-BFE0-690C68A22F52}.Debug|Any CPU.Build.0 = Debug|Any CPU
		{F2CD3A03-148A-4602-BFE0-690C68A22F52}.Debug|x64.ActiveCfg = Debug|Any CPU
		{F2CD3A03-148A-4602-BFE0-690C68A22F52}.Debug|x64.Build.0 = Debug|Any CPU
		{F2CD3A03-148A-4602-BFE0-690C68A22F52}.Debug|x86.ActiveCfg = Debug|Any CPU
		{F2CD3A03-148A-4602-BFE0-690C68A22F52}.Debug|x86.Build.0 = Debug|Any CPU
		{F2CD3A03-148A-4602-BFE0-690C68A22F52}.Release|Any CPU.ActiveCfg = Release|Any CPU
		{F2CD3A03-148A-4602-BFE0-690C68A22F52}.Release|Any CPU.Build.0 = Release|Any CPU
		{F2CD3A03-148A-4602-BFE0-690C68A22F52}.Release|x64.ActiveCfg = Release|Any CPU
		{F2CD3A03-148A-4602-BFE0-690C68A22F52}.Release|x64.Build.0 = Release|Any CPU
		{F2CD3A03-148A-4602-BFE0-690C68A22F52}.Release|x86.ActiveCfg = Release|Any CPU
		{F2CD3A03-148A-4602-BFE0-690C68A22F52}.Release|x86.Build.0 = Release|Any CPU
		{427589C8-0EC1-459E-9685-8B2F1F31A517}.Debug|Any CPU.ActiveCfg = Debug|Any CPU
		{427589C8-0EC1-459E-9685-8B2F1F31A517}.Debug|Any CPU.Build.0 = Debug|Any CPU
		{427589C8-0EC1-459E-9685-8B2F1F31A517}.Debug|x64.ActiveCfg = Debug|Any CPU
		{427589C8-0EC1-459E-9685-8B2F1F31A517}.Debug|x64.Build.0 = Debug|Any CPU
		{427589C8-0EC1-459E-9685-8B2F1F31A517}.Debug|x86.ActiveCfg = Debug|Any CPU
		{427589C8-0EC1-459E-9685-8B2F1F31A517}.Debug|x86.Build.0 = Debug|Any CPU
		{427589C8-0EC1-459E-9685-8B2F1F31A517}.Release|Any CPU.ActiveCfg = Release|Any CPU
		{427589C8-0EC1-459E-9685-8B2F1F31A517}.Release|Any CPU.Build.0 = Release|Any CPU
		{427589C8-0EC1-459E-9685-8B2F1F31A517}.Release|x64.ActiveCfg = Release|Any CPU
		{427589C8-0EC1-459E-9685-8B2F1F31A517}.Release|x64.Build.0 = Release|Any CPU
		{427589C8-0EC1-459E-9685-8B2F1F31A517}.Release|x86.ActiveCfg = Release|Any CPU
		{427589C8-0EC1-459E-9685-8B2F1F31A517}.Release|x86.Build.0 = Release|Any CPU
	EndGlobalSection
	GlobalSection(SolutionProperties) = preSolution
		HideSolutionNode = FALSE
	EndGlobalSection
	GlobalSection(ExtensibilityGlobals) = postSolution
		SolutionGuid = {D0052097-1B6B-4BB3-9F4B-273297EDA578}
	EndGlobalSection
EndGlobal
